// !$*UTF8*$!
{
	archiveVersion = 1;
	classes = {
	};
	objectVersion = 51;
	objects = {

/* Begin PBXBuildFile section */
		690F7126258A2B24006005B8 /* Section.swift in Sources */ = {isa = PBXBuildFile; fileRef = 690F7125258A2B24006005B8 /* Section.swift */; };
		690F7130258A2BF5006005B8 /* Introduction.swift in Sources */ = {isa = PBXBuildFile; fileRef = 690F712F258A2BF5006005B8 /* Introduction.swift */; };
		690F7133258A2C35006005B8 /* Exercise.swift in Sources */ = {isa = PBXBuildFile; fileRef = 690F7132258A2C35006005B8 /* Exercise.swift */; };
		690F7136258A2CF5006005B8 /* Flashcard.swift in Sources */ = {isa = PBXBuildFile; fileRef = 690F7135258A2CF5006005B8 /* Flashcard.swift */; };
		690F7139258A2D35006005B8 /* Test.swift in Sources */ = {isa = PBXBuildFile; fileRef = 690F7138258A2D35006005B8 /* Test.swift */; };
		6939D0A425879428000B97DE /* ExerciseListController.swift in Sources */ = {isa = PBXBuildFile; fileRef = 6939D0A325879428000B97DE /* ExerciseListController.swift */; };
		6939D0A725879C1F000B97DE /* SingleExerciseController.swift in Sources */ = {isa = PBXBuildFile; fileRef = 6939D0A625879C1F000B97DE /* SingleExerciseController.swift */; };
		6953691D2585046C0058D1D5 /* AppDelegate.swift in Sources */ = {isa = PBXBuildFile; fileRef = 6953691C2585046C0058D1D5 /* AppDelegate.swift */; };
		6953691F2585046C0058D1D5 /* SceneDelegate.swift in Sources */ = {isa = PBXBuildFile; fileRef = 6953691E2585046C0058D1D5 /* SceneDelegate.swift */; };
		695369212585046C0058D1D5 /* ChooseSectionController.swift in Sources */ = {isa = PBXBuildFile; fileRef = 695369202585046C0058D1D5 /* ChooseSectionController.swift */; };
		695369242585046C0058D1D5 /* Main.storyboard in Resources */ = {isa = PBXBuildFile; fileRef = 695369222585046C0058D1D5 /* Main.storyboard */; };
		695369262585046E0058D1D5 /* Assets.xcassets in Resources */ = {isa = PBXBuildFile; fileRef = 695369252585046E0058D1D5 /* Assets.xcassets */; };
		695369292585046E0058D1D5 /* LaunchScreen.storyboard in Resources */ = {isa = PBXBuildFile; fileRef = 695369272585046E0058D1D5 /* LaunchScreen.storyboard */; };
		6953693825850B130058D1D5 /* ContentfulManager.swift in Sources */ = {isa = PBXBuildFile; fileRef = 6953693725850B130058D1D5 /* ContentfulManager.swift */; };
		6953693B258516E50058D1D5 /* SectionData.swift in Sources */ = {isa = PBXBuildFile; fileRef = 6953693A258516E50058D1D5 /* SectionData.swift */; };
		6955ACDC2587A8AF00C21F7F /* TestController.swift in Sources */ = {isa = PBXBuildFile; fileRef = 6955ACDB2587A8AF00C21F7F /* TestController.swift */; };
		69659CED25876265006D6FCC /* ExerciseData.swift in Sources */ = {isa = PBXBuildFile; fileRef = 69659CEC25876265006D6FCC /* ExerciseData.swift */; };
		69659CF325877057006D6FCC /* FlashcardData.swift in Sources */ = {isa = PBXBuildFile; fileRef = 69659CF225877057006D6FCC /* FlashcardData.swift */; };
		69659CF9258773A3006D6FCC /* IntroductionData.swift in Sources */ = {isa = PBXBuildFile; fileRef = 69659CF8258773A3006D6FCC /* IntroductionData.swift */; };
		69659CFF25877838006D6FCC /* TestData.swift in Sources */ = {isa = PBXBuildFile; fileRef = 69659CFE25877838006D6FCC /* TestData.swift */; };
		69659D0525877D57006D6FCC /* IntroductionController.swift in Sources */ = {isa = PBXBuildFile; fileRef = 69659D0425877D57006D6FCC /* IntroductionController.swift */; };
		69B83ABD2588A73D000BF912 /* FlashcardCell.swift in Sources */ = {isa = PBXBuildFile; fileRef = 69B83ABB2588A73D000BF912 /* FlashcardCell.swift */; };
		69B83ABE2588A73D000BF912 /* FlashcardCell.xib in Resources */ = {isa = PBXBuildFile; fileRef = 69B83ABC2588A73D000BF912 /* FlashcardCell.xib */; };
		69B83AC22588AD61000BF912 /* ExerciseCell.swift in Sources */ = {isa = PBXBuildFile; fileRef = 69B83AC02588AD61000BF912 /* ExerciseCell.swift */; };
		69B83AC32588AD61000BF912 /* ExerciseCell.xib in Resources */ = {isa = PBXBuildFile; fileRef = 69B83AC12588AD61000BF912 /* ExerciseCell.xib */; };
		69D9B02625875DD1007DB045 /* SectionController.swift in Sources */ = {isa = PBXBuildFile; fileRef = 69D9B02525875DD1007DB045 /* SectionController.swift */; };
		69EA8B7225909C800016BE93 /* ARModelController.swift in Sources */ = {isa = PBXBuildFile; fileRef = 69EA8B7125909C800016BE93 /* ARModelController.swift */; };
		69EA8B862590AAB90016BE93 /* art.scnassets in Resources */ = {isa = PBXBuildFile; fileRef = 69EA8B852590AAB90016BE93 /* art.scnassets */; };
		69F2277625879F7500C970FC /* FlashcardController.swift in Sources */ = {isa = PBXBuildFile; fileRef = 69F2277525879F7500C970FC /* FlashcardController.swift */; };
		69F7AC0F25933B8900D9ACF5 /* K.swift in Sources */ = {isa = PBXBuildFile; fileRef = 69F7AC0E25933B8900D9ACF5 /* K.swift */; };
		69F7AC132593417200D9ACF5 /* SectionCell.swift in Sources */ = {isa = PBXBuildFile; fileRef = 69F7AC112593417200D9ACF5 /* SectionCell.swift */; };
		69F7AC142593417200D9ACF5 /* SectionCell.xib in Resources */ = {isa = PBXBuildFile; fileRef = 69F7AC122593417200D9ACF5 /* SectionCell.xib */; };
		DF1CF92E59B71A84BA7FAC8F /* Pods_StartMath.framework in Frameworks */ = {isa = PBXBuildFile; fileRef = 185DC99358F14B92BF966E44 /* Pods_StartMath.framework */; };
/* End PBXBuildFile section */

/* Begin PBXFileReference section */
		0176F967106AEE4165EC6775 /* Pods-StartMath.debug.xcconfig */ = {isa = PBXFileReference; includeInIndex = 1; lastKnownFileType = text.xcconfig; name = "Pods-StartMath.debug.xcconfig"; path = "Target Support Files/Pods-StartMath/Pods-StartMath.debug.xcconfig"; sourceTree = "<group>"; };
		185DC99358F14B92BF966E44 /* Pods_StartMath.framework */ = {isa = PBXFileReference; explicitFileType = wrapper.framework; includeInIndex = 0; path = Pods_StartMath.framework; sourceTree = BUILT_PRODUCTS_DIR; };
		5A684712D48E40E3FDECA8C1 /* Pods-StartMath.release.xcconfig */ = {isa = PBXFileReference; includeInIndex = 1; lastKnownFileType = text.xcconfig; name = "Pods-StartMath.release.xcconfig"; path = "Target Support Files/Pods-StartMath/Pods-StartMath.release.xcconfig"; sourceTree = "<group>"; };
		690F7125258A2B24006005B8 /* Section.swift */ = {isa = PBXFileReference; lastKnownFileType = sourcecode.swift; path = Section.swift; sourceTree = "<group>"; };
		690F712F258A2BF5006005B8 /* Introduction.swift */ = {isa = PBXFileReference; lastKnownFileType = sourcecode.swift; path = Introduction.swift; sourceTree = "<group>"; };
		690F7132258A2C35006005B8 /* Exercise.swift */ = {isa = PBXFileReference; lastKnownFileType = sourcecode.swift; path = Exercise.swift; sourceTree = "<group>"; };
		690F7135258A2CF5006005B8 /* Flashcard.swift */ = {isa = PBXFileReference; lastKnownFileType = sourcecode.swift; path = Flashcard.swift; sourceTree = "<group>"; };
		690F7138258A2D35006005B8 /* Test.swift */ = {isa = PBXFileReference; lastKnownFileType = sourcecode.swift; path = Test.swift; sourceTree = "<group>"; };
		6939D0A325879428000B97DE /* ExerciseListController.swift */ = {isa = PBXFileReference; lastKnownFileType = sourcecode.swift; path = ExerciseListController.swift; sourceTree = "<group>"; };
		6939D0A625879C1F000B97DE /* SingleExerciseController.swift */ = {isa = PBXFileReference; lastKnownFileType = sourcecode.swift; path = SingleExerciseController.swift; sourceTree = "<group>"; };
		695369192585046C0058D1D5 /* StartMath.app */ = {isa = PBXFileReference; explicitFileType = wrapper.application; includeInIndex = 0; path = StartMath.app; sourceTree = BUILT_PRODUCTS_DIR; };
		6953691C2585046C0058D1D5 /* AppDelegate.swift */ = {isa = PBXFileReference; lastKnownFileType = sourcecode.swift; path = AppDelegate.swift; sourceTree = "<group>"; };
		6953691E2585046C0058D1D5 /* SceneDelegate.swift */ = {isa = PBXFileReference; lastKnownFileType = sourcecode.swift; path = SceneDelegate.swift; sourceTree = "<group>"; };
		695369202585046C0058D1D5 /* ChooseSectionController.swift */ = {isa = PBXFileReference; lastKnownFileType = sourcecode.swift; path = ChooseSectionController.swift; sourceTree = "<group>"; };
		695369232585046C0058D1D5 /* Base */ = {isa = PBXFileReference; lastKnownFileType = file.storyboard; name = Base; path = Base.lproj/Main.storyboard; sourceTree = "<group>"; };
		695369252585046E0058D1D5 /* Assets.xcassets */ = {isa = PBXFileReference; lastKnownFileType = folder.assetcatalog; path = Assets.xcassets; sourceTree = "<group>"; };
		695369282585046E0058D1D5 /* Base */ = {isa = PBXFileReference; lastKnownFileType = file.storyboard; name = Base; path = Base.lproj/LaunchScreen.storyboard; sourceTree = "<group>"; };
		6953692A2585046E0058D1D5 /* Info.plist */ = {isa = PBXFileReference; lastKnownFileType = text.plist.xml; path = Info.plist; sourceTree = "<group>"; };
		6953693725850B130058D1D5 /* ContentfulManager.swift */ = {isa = PBXFileReference; lastKnownFileType = sourcecode.swift; path = ContentfulManager.swift; sourceTree = "<group>"; };
		6953693A258516E50058D1D5 /* SectionData.swift */ = {isa = PBXFileReference; lastKnownFileType = sourcecode.swift; path = SectionData.swift; sourceTree = "<group>"; };
		6955ACDB2587A8AF00C21F7F /* TestController.swift */ = {isa = PBXFileReference; lastKnownFileType = sourcecode.swift; path = TestController.swift; sourceTree = "<group>"; };
		69659CEC25876265006D6FCC /* ExerciseData.swift */ = {isa = PBXFileReference; lastKnownFileType = sourcecode.swift; path = ExerciseData.swift; sourceTree = "<group>"; };
		69659CF225877057006D6FCC /* FlashcardData.swift */ = {isa = PBXFileReference; lastKnownFileType = sourcecode.swift; path = FlashcardData.swift; sourceTree = "<group>"; };
		69659CF8258773A3006D6FCC /* IntroductionData.swift */ = {isa = PBXFileReference; lastKnownFileType = sourcecode.swift; path = IntroductionData.swift; sourceTree = "<group>"; };
		69659CFE25877838006D6FCC /* TestData.swift */ = {isa = PBXFileReference; lastKnownFileType = sourcecode.swift; path = TestData.swift; sourceTree = "<group>"; };
		69659D0425877D57006D6FCC /* IntroductionController.swift */ = {isa = PBXFileReference; lastKnownFileType = sourcecode.swift; path = IntroductionController.swift; sourceTree = "<group>"; };
		69B83ABB2588A73D000BF912 /* FlashcardCell.swift */ = {isa = PBXFileReference; lastKnownFileType = sourcecode.swift; path = FlashcardCell.swift; sourceTree = "<group>"; };
		69B83ABC2588A73D000BF912 /* FlashcardCell.xib */ = {isa = PBXFileReference; lastKnownFileType = file.xib; path = FlashcardCell.xib; sourceTree = "<group>"; };
		69B83AC02588AD61000BF912 /* ExerciseCell.swift */ = {isa = PBXFileReference; lastKnownFileType = sourcecode.swift; path = ExerciseCell.swift; sourceTree = "<group>"; };
		69B83AC12588AD61000BF912 /* ExerciseCell.xib */ = {isa = PBXFileReference; lastKnownFileType = file.xib; path = ExerciseCell.xib; sourceTree = "<group>"; };
		69D9B02525875DD1007DB045 /* SectionController.swift */ = {isa = PBXFileReference; lastKnownFileType = sourcecode.swift; path = SectionController.swift; sourceTree = "<group>"; };
		69EA8B7125909C800016BE93 /* ARModelController.swift */ = {isa = PBXFileReference; lastKnownFileType = sourcecode.swift; path = ARModelController.swift; sourceTree = "<group>"; };
		69EA8B852590AAB90016BE93 /* art.scnassets */ = {isa = PBXFileReference; lastKnownFileType = wrapper.scnassets; path = art.scnassets; sourceTree = "<group>"; };
		69F2277525879F7500C970FC /* FlashcardController.swift */ = {isa = PBXFileReference; lastKnownFileType = sourcecode.swift; path = FlashcardController.swift; sourceTree = "<group>"; };
		69F7AC0E25933B8900D9ACF5 /* K.swift */ = {isa = PBXFileReference; lastKnownFileType = sourcecode.swift; path = K.swift; sourceTree = "<group>"; };
		69F7AC112593417200D9ACF5 /* SectionCell.swift */ = {isa = PBXFileReference; lastKnownFileType = sourcecode.swift; path = SectionCell.swift; sourceTree = "<group>"; };
		69F7AC122593417200D9ACF5 /* SectionCell.xib */ = {isa = PBXFileReference; lastKnownFileType = file.xib; path = SectionCell.xib; sourceTree = "<group>"; };
/* End PBXFileReference section */

/* Begin PBXFrameworksBuildPhase section */
		695369162585046C0058D1D5 /* Frameworks */ = {
			isa = PBXFrameworksBuildPhase;
			buildActionMask = 2147483647;
			files = (
				DF1CF92E59B71A84BA7FAC8F /* Pods_StartMath.framework in Frameworks */,
			);
			runOnlyForDeploymentPostprocessing = 0;
		};
/* End PBXFrameworksBuildPhase section */

/* Begin PBXGroup section */
		695369102585046C0058D1D5 = {
			isa = PBXGroup;
			children = (
				6953691B2585046C0058D1D5 /* StartMath */,
				6953691A2585046C0058D1D5 /* Products */,
				7EBA27ABBBF25C09C49CE76F /* Pods */,
				EB3906BEE9FA8C1AE875217D /* Frameworks */,
			);
			sourceTree = "<group>";
		};
		6953691A2585046C0058D1D5 /* Products */ = {
			isa = PBXGroup;
			children = (
				695369192585046C0058D1D5 /* StartMath.app */,
			);
			name = Products;
			sourceTree = "<group>";
		};
		6953691B2585046C0058D1D5 /* StartMath */ = {
			isa = PBXGroup;
			children = (
				6953691C2585046C0058D1D5 /* AppDelegate.swift */,
				6953691E2585046C0058D1D5 /* SceneDelegate.swift */,
				695369342585049B0058D1D5 /* Models */,
				69536933258504900058D1D5 /* Views */,
				69536931258504760058D1D5 /* Controllers */,
				69EA8B852590AAB90016BE93 /* art.scnassets */,
				695369252585046E0058D1D5 /* Assets.xcassets */,
				695369272585046E0058D1D5 /* LaunchScreen.storyboard */,
				6953692A2585046E0058D1D5 /* Info.plist */,
			);
			path = StartMath;
			sourceTree = "<group>";
		};
		69536931258504760058D1D5 /* Controllers */ = {
			isa = PBXGroup;
			children = (
				695369202585046C0058D1D5 /* ChooseSectionController.swift */,
				69D9B02525875DD1007DB045 /* SectionController.swift */,
				69659D0425877D57006D6FCC /* IntroductionController.swift */,
				6939D0A325879428000B97DE /* ExerciseListController.swift */,
				6939D0A625879C1F000B97DE /* SingleExerciseController.swift */,
				69EA8B7125909C800016BE93 /* ARModelController.swift */,
				69F2277525879F7500C970FC /* FlashcardController.swift */,
				6955ACDB2587A8AF00C21F7F /* TestController.swift */,
				69F7AC0E25933B8900D9ACF5 /* K.swift */,
			);
			path = Controllers;
			sourceTree = "<group>";
		};
		69536933258504900058D1D5 /* Views */ = {
			isa = PBXGroup;
			children = (
				695369222585046C0058D1D5 /* Main.storyboard */,
				69B83AC02588AD61000BF912 /* ExerciseCell.swift */,
				69B83AC12588AD61000BF912 /* ExerciseCell.xib */,
				69B83ABB2588A73D000BF912 /* FlashcardCell.swift */,
				69B83ABC2588A73D000BF912 /* FlashcardCell.xib */,
				69F7AC112593417200D9ACF5 /* SectionCell.swift */,
				69F7AC122593417200D9ACF5 /* SectionCell.xib */,
			);
			path = Views;
			sourceTree = "<group>";
		};
		695369342585049B0058D1D5 /* Models */ = {
			isa = PBXGroup;
			children = (
				6953693725850B130058D1D5 /* ContentfulManager.swift */,
				6953693A258516E50058D1D5 /* SectionData.swift */,
				690F7125258A2B24006005B8 /* Section.swift */,
				69659CEC25876265006D6FCC /* ExerciseData.swift */,
				690F7132258A2C35006005B8 /* Exercise.swift */,
				69659CF225877057006D6FCC /* FlashcardData.swift */,
				690F7135258A2CF5006005B8 /* Flashcard.swift */,
				69659CF8258773A3006D6FCC /* IntroductionData.swift */,
				690F712F258A2BF5006005B8 /* Introduction.swift */,
				69659CFE25877838006D6FCC /* TestData.swift */,
				690F7138258A2D35006005B8 /* Test.swift */,
			);
			path = Models;
			sourceTree = "<group>";
		};
		7EBA27ABBBF25C09C49CE76F /* Pods */ = {
			isa = PBXGroup;
			children = (
				0176F967106AEE4165EC6775 /* Pods-StartMath.debug.xcconfig */,
				5A684712D48E40E3FDECA8C1 /* Pods-StartMath.release.xcconfig */,
			);
			path = Pods;
			sourceTree = "<group>";
		};
		EB3906BEE9FA8C1AE875217D /* Frameworks */ = {
			isa = PBXGroup;
			children = (
				185DC99358F14B92BF966E44 /* Pods_StartMath.framework */,
			);
			name = Frameworks;
			sourceTree = "<group>";
		};
/* End PBXGroup section */

/* Begin PBXNativeTarget section */
		695369182585046C0058D1D5 /* StartMath */ = {
			isa = PBXNativeTarget;
			buildConfigurationList = 6953692D2585046E0058D1D5 /* Build configuration list for PBXNativeTarget "StartMath" */;
			buildPhases = (
				7C45FC24B02EC910769333D4 /* [CP] Check Pods Manifest.lock */,
				695369152585046C0058D1D5 /* Sources */,
				695369162585046C0058D1D5 /* Frameworks */,
				695369172585046C0058D1D5 /* Resources */,
				548C33ABD20DBB88244F3543 /* [CP] Embed Pods Frameworks */,
			);
			buildRules = (
			);
			dependencies = (
			);
			name = StartMath;
			productName = StartMath;
			productReference = 695369192585046C0058D1D5 /* StartMath.app */;
			productType = "com.apple.product-type.application";
		};
/* End PBXNativeTarget section */

/* Begin PBXProject section */
		695369112585046C0058D1D5 /* Project object */ = {
			isa = PBXProject;
			attributes = {
				LastSwiftUpdateCheck = 1220;
				LastUpgradeCheck = 1220;
				TargetAttributes = {
					695369182585046C0058D1D5 = {
						CreatedOnToolsVersion = 12.2;
					};
				};
			};
			buildConfigurationList = 695369142585046C0058D1D5 /* Build configuration list for PBXProject "StartMath" */;
			compatibilityVersion = "Xcode 9.3";
			developmentRegion = en;
			hasScannedForEncodings = 0;
			knownRegions = (
				en,
				Base,
			);
			mainGroup = 695369102585046C0058D1D5;
			productRefGroup = 6953691A2585046C0058D1D5 /* Products */;
			projectDirPath = "";
			projectRoot = "";
			targets = (
				695369182585046C0058D1D5 /* StartMath */,
			);
		};
/* End PBXProject section */

/* Begin PBXResourcesBuildPhase section */
		695369172585046C0058D1D5 /* Resources */ = {
			isa = PBXResourcesBuildPhase;
			buildActionMask = 2147483647;
			files = (
				695369292585046E0058D1D5 /* LaunchScreen.storyboard in Resources */,
				69EA8B862590AAB90016BE93 /* art.scnassets in Resources */,
				695369262585046E0058D1D5 /* Assets.xcassets in Resources */,
				69B83AC32588AD61000BF912 /* ExerciseCell.xib in Resources */,
				69B83ABE2588A73D000BF912 /* FlashcardCell.xib in Resources */,
				695369242585046C0058D1D5 /* Main.storyboard in Resources */,
				69F7AC142593417200D9ACF5 /* SectionCell.xib in Resources */,
			);
			runOnlyForDeploymentPostprocessing = 0;
		};
/* End PBXResourcesBuildPhase section */

/* Begin PBXShellScriptBuildPhase section */
		548C33ABD20DBB88244F3543 /* [CP] Embed Pods Frameworks */ = {
			isa = PBXShellScriptBuildPhase;
			buildActionMask = 2147483647;
			files = (
			);
			inputFileListPaths = (
				"${PODS_ROOT}/Target Support Files/Pods-StartMath/Pods-StartMath-frameworks-${CONFIGURATION}-input-files.xcfilelist",
			);
			name = "[CP] Embed Pods Frameworks";
			outputFileListPaths = (
				"${PODS_ROOT}/Target Support Files/Pods-StartMath/Pods-StartMath-frameworks-${CONFIGURATION}-output-files.xcfilelist",
			);
			runOnlyForDeploymentPostprocessing = 0;
			shellPath = /bin/sh;
			shellScript = "\"${PODS_ROOT}/Target Support Files/Pods-StartMath/Pods-StartMath-frameworks.sh\"\n";
			showEnvVarsInLog = 0;
		};
		7C45FC24B02EC910769333D4 /* [CP] Check Pods Manifest.lock */ = {
			isa = PBXShellScriptBuildPhase;
			buildActionMask = 2147483647;
			files = (
			);
			inputFileListPaths = (
			);
			inputPaths = (
				"${PODS_PODFILE_DIR_PATH}/Podfile.lock",
				"${PODS_ROOT}/Manifest.lock",
			);
			name = "[CP] Check Pods Manifest.lock";
			outputFileListPaths = (
			);
			outputPaths = (
				"$(DERIVED_FILE_DIR)/Pods-StartMath-checkManifestLockResult.txt",
			);
			runOnlyForDeploymentPostprocessing = 0;
			shellPath = /bin/sh;
			shellScript = "diff \"${PODS_PODFILE_DIR_PATH}/Podfile.lock\" \"${PODS_ROOT}/Manifest.lock\" > /dev/null\nif [ $? != 0 ] ; then\n    # print error to STDERR\n    echo \"error: The sandbox is not in sync with the Podfile.lock. Run 'pod install' or update your CocoaPods installation.\" >&2\n    exit 1\nfi\n# This output is used by Xcode 'outputs' to avoid re-running this script phase.\necho \"SUCCESS\" > \"${SCRIPT_OUTPUT_FILE_0}\"\n";
			showEnvVarsInLog = 0;
		};
/* End PBXShellScriptBuildPhase section */

/* Begin PBXSourcesBuildPhase section */
		695369152585046C0058D1D5 /* Sources */ = {
			isa = PBXSourcesBuildPhase;
			buildActionMask = 2147483647;
			files = (
				69EA8B7225909C800016BE93 /* ARModelController.swift in Sources */,
				69B83ABD2588A73D000BF912 /* FlashcardCell.swift in Sources */,
				69D9B02625875DD1007DB045 /* SectionController.swift in Sources */,
				6939D0A725879C1F000B97DE /* SingleExerciseController.swift in Sources */,
				69659CF9258773A3006D6FCC /* IntroductionData.swift in Sources */,
				695369212585046C0058D1D5 /* ChooseSectionController.swift in Sources */,
				6953691D2585046C0058D1D5 /* AppDelegate.swift in Sources */,
				690F7130258A2BF5006005B8 /* Introduction.swift in Sources */,
				69F7AC132593417200D9ACF5 /* SectionCell.swift in Sources */,
				69B83AC22588AD61000BF912 /* ExerciseCell.swift in Sources */,
				69F2277625879F7500C970FC /* FlashcardController.swift in Sources */,
				690F7133258A2C35006005B8 /* Exercise.swift in Sources */,
				69659CFF25877838006D6FCC /* TestData.swift in Sources */,
				6953693B258516E50058D1D5 /* SectionData.swift in Sources */,
				6953691F2585046C0058D1D5 /* SceneDelegate.swift in Sources */,
				6953693825850B130058D1D5 /* ContentfulManager.swift in Sources */,
				690F7136258A2CF5006005B8 /* Flashcard.swift in Sources */,
				69659CF325877057006D6FCC /* FlashcardData.swift in Sources */,
				690F7126258A2B24006005B8 /* Section.swift in Sources */,
				6939D0A425879428000B97DE /* ExerciseListController.swift in Sources */,
				690F7139258A2D35006005B8 /* Test.swift in Sources */,
				6955ACDC2587A8AF00C21F7F /* TestController.swift in Sources */,
				69F7AC0F25933B8900D9ACF5 /* K.swift in Sources */,
				69659D0525877D57006D6FCC /* IntroductionController.swift in Sources */,
				69659CED25876265006D6FCC /* ExerciseData.swift in Sources */,
			);
			runOnlyForDeploymentPostprocessing = 0;
		};
/* End PBXSourcesBuildPhase section */

/* Begin PBXVariantGroup section */
		695369222585046C0058D1D5 /* Main.storyboard */ = {
			isa = PBXVariantGroup;
			children = (
				695369232585046C0058D1D5 /* Base */,
			);
			name = Main.storyboard;
			sourceTree = "<group>";
		};
		695369272585046E0058D1D5 /* LaunchScreen.storyboard */ = {
			isa = PBXVariantGroup;
			children = (
				695369282585046E0058D1D5 /* Base */,
			);
			name = LaunchScreen.storyboard;
			sourceTree = "<group>";
		};
/* End PBXVariantGroup section */

/* Begin XCBuildConfiguration section */
		6953692B2585046E0058D1D5 /* Debug */ = {
			isa = XCBuildConfiguration;
			buildSettings = {
				ALWAYS_SEARCH_USER_PATHS = NO;
				CLANG_ANALYZER_NONNULL = YES;
				CLANG_ANALYZER_NUMBER_OBJECT_CONVERSION = YES_AGGRESSIVE;
				CLANG_CXX_LANGUAGE_STANDARD = "gnu++14";
				CLANG_CXX_LIBRARY = "libc++";
				CLANG_ENABLE_MODULES = YES;
				CLANG_ENABLE_OBJC_ARC = YES;
				CLANG_ENABLE_OBJC_WEAK = YES;
				CLANG_WARN_BLOCK_CAPTURE_AUTORELEASING = YES;
				CLANG_WARN_BOOL_CONVERSION = YES;
				CLANG_WARN_COMMA = YES;
				CLANG_WARN_CONSTANT_CONVERSION = YES;
				CLANG_WARN_DEPRECATED_OBJC_IMPLEMENTATIONS = YES;
				CLANG_WARN_DIRECT_OBJC_ISA_USAGE = YES_ERROR;
				CLANG_WARN_DOCUMENTATION_COMMENTS = YES;
				CLANG_WARN_EMPTY_BODY = YES;
				CLANG_WARN_ENUM_CONVERSION = YES;
				CLANG_WARN_INFINITE_RECURSION = YES;
				CLANG_WARN_INT_CONVERSION = YES;
				CLANG_WARN_NON_LITERAL_NULL_CONVERSION = YES;
				CLANG_WARN_OBJC_IMPLICIT_RETAIN_SELF = YES;
				CLANG_WARN_OBJC_LITERAL_CONVERSION = YES;
				CLANG_WARN_OBJC_ROOT_CLASS = YES_ERROR;
				CLANG_WARN_QUOTED_INCLUDE_IN_FRAMEWORK_HEADER = YES;
				CLANG_WARN_RANGE_LOOP_ANALYSIS = YES;
				CLANG_WARN_STRICT_PROTOTYPES = YES;
				CLANG_WARN_SUSPICIOUS_MOVE = YES;
				CLANG_WARN_UNGUARDED_AVAILABILITY = YES_AGGRESSIVE;
				CLANG_WARN_UNREACHABLE_CODE = YES;
				CLANG_WARN__DUPLICATE_METHOD_MATCH = YES;
				COPY_PHASE_STRIP = NO;
				DEBUG_INFORMATION_FORMAT = dwarf;
				ENABLE_STRICT_OBJC_MSGSEND = YES;
				ENABLE_TESTABILITY = YES;
				GCC_C_LANGUAGE_STANDARD = gnu11;
				GCC_DYNAMIC_NO_PIC = NO;
				GCC_NO_COMMON_BLOCKS = YES;
				GCC_OPTIMIZATION_LEVEL = 0;
				GCC_PREPROCESSOR_DEFINITIONS = (
					"DEBUG=1",
					"$(inherited)",
				);
				GCC_WARN_64_TO_32_BIT_CONVERSION = YES;
				GCC_WARN_ABOUT_RETURN_TYPE = YES_ERROR;
				GCC_WARN_UNDECLARED_SELECTOR = YES;
				GCC_WARN_UNINITIALIZED_AUTOS = YES_AGGRESSIVE;
				GCC_WARN_UNUSED_FUNCTION = YES;
				GCC_WARN_UNUSED_VARIABLE = YES;
				IPHONEOS_DEPLOYMENT_TARGET = 14.2;
				MTL_ENABLE_DEBUG_INFO = INCLUDE_SOURCE;
				MTL_FAST_MATH = YES;
				ONLY_ACTIVE_ARCH = YES;
				SDKROOT = iphoneos;
				SWIFT_ACTIVE_COMPILATION_CONDITIONS = DEBUG;
				SWIFT_OPTIMIZATION_LEVEL = "-Onone";
			};
			name = Debug;
		};
		6953692C2585046E0058D1D5 /* Release */ = {
			isa = XCBuildConfiguration;
			buildSettings = {
				ALWAYS_SEARCH_USER_PATHS = NO;
				CLANG_ANALYZER_NONNULL = YES;
				CLANG_ANALYZER_NUMBER_OBJECT_CONVERSION = YES_AGGRESSIVE;
				CLANG_CXX_LANGUAGE_STANDARD = "gnu++14";
				CLANG_CXX_LIBRARY = "libc++";
				CLANG_ENABLE_MODULES = YES;
				CLANG_ENABLE_OBJC_ARC = YES;
				CLANG_ENABLE_OBJC_WEAK = YES;
				CLANG_WARN_BLOCK_CAPTURE_AUTORELEASING = YES;
				CLANG_WARN_BOOL_CONVERSION = YES;
				CLANG_WARN_COMMA = YES;
				CLANG_WARN_CONSTANT_CONVERSION = YES;
				CLANG_WARN_DEPRECATED_OBJC_IMPLEMENTATIONS = YES;
				CLANG_WARN_DIRECT_OBJC_ISA_USAGE = YES_ERROR;
				CLANG_WARN_DOCUMENTATION_COMMENTS = YES;
				CLANG_WARN_EMPTY_BODY = YES;
				CLANG_WARN_ENUM_CONVERSION = YES;
				CLANG_WARN_INFINITE_RECURSION = YES;
				CLANG_WARN_INT_CONVERSION = YES;
				CLANG_WARN_NON_LITERAL_NULL_CONVERSION = YES;
				CLANG_WARN_OBJC_IMPLICIT_RETAIN_SELF = YES;
				CLANG_WARN_OBJC_LITERAL_CONVERSION = YES;
				CLANG_WARN_OBJC_ROOT_CLASS = YES_ERROR;
				CLANG_WARN_QUOTED_INCLUDE_IN_FRAMEWORK_HEADER = YES;
				CLANG_WARN_RANGE_LOOP_ANALYSIS = YES;
				CLANG_WARN_STRICT_PROTOTYPES = YES;
				CLANG_WARN_SUSPICIOUS_MOVE = YES;
				CLANG_WARN_UNGUARDED_AVAILABILITY = YES_AGGRESSIVE;
				CLANG_WARN_UNREACHABLE_CODE = YES;
				CLANG_WARN__DUPLICATE_METHOD_MATCH = YES;
				COPY_PHASE_STRIP = NO;
				DEBUG_INFORMATION_FORMAT = "dwarf-with-dsym";
				ENABLE_NS_ASSERTIONS = NO;
				ENABLE_STRICT_OBJC_MSGSEND = YES;
				GCC_C_LANGUAGE_STANDARD = gnu11;
				GCC_NO_COMMON_BLOCKS = YES;
				GCC_WARN_64_TO_32_BIT_CONVERSION = YES;
				GCC_WARN_ABOUT_RETURN_TYPE = YES_ERROR;
				GCC_WARN_UNDECLARED_SELECTOR = YES;
				GCC_WARN_UNINITIALIZED_AUTOS = YES_AGGRESSIVE;
				GCC_WARN_UNUSED_FUNCTION = YES;
				GCC_WARN_UNUSED_VARIABLE = YES;
				IPHONEOS_DEPLOYMENT_TARGET = 14.2;
				MTL_ENABLE_DEBUG_INFO = NO;
				MTL_FAST_MATH = YES;
				SDKROOT = iphoneos;
				SWIFT_COMPILATION_MODE = wholemodule;
				SWIFT_OPTIMIZATION_LEVEL = "-O";
				VALIDATE_PRODUCT = YES;
			};
			name = Release;
		};
		6953692E2585046E0058D1D5 /* Debug */ = {
			isa = XCBuildConfiguration;
			baseConfigurationReference = 0176F967106AEE4165EC6775 /* Pods-StartMath.debug.xcconfig */;
			buildSettings = {
				ASSETCATALOG_COMPILER_APPICON_NAME = AppIcon;
				ASSETCATALOG_COMPILER_GLOBAL_ACCENT_COLOR_NAME = AccentColor;
				CODE_SIGN_STYLE = Automatic;
				DEVELOPMENT_TEAM = 527W4K2LG5;
				INFOPLIST_FILE = StartMath/Info.plist;
				LD_RUNPATH_SEARCH_PATHS = (
					"$(inherited)",
					"@executable_path/Frameworks",
				);
				PRODUCT_BUNDLE_IDENTIFIER = uszynskimateusz.StartMath;
				PRODUCT_NAME = "$(TARGET_NAME)";
				SWIFT_VERSION = 5.0;
				TARGETED_DEVICE_FAMILY = "1,2";
			};
			name = Debug;
		};
		6953692F2585046E0058D1D5 /* Release */ = {
			isa = XCBuildConfiguration;
			baseConfigurationReference = 5A684712D48E40E3FDECA8C1 /* Pods-StartMath.release.xcconfig */;
			buildSettings = {
				ASSETCATALOG_COMPILER_APPICON_NAME = AppIcon;
				ASSETCATALOG_COMPILER_GLOBAL_ACCENT_COLOR_NAME = AccentColor;
				CODE_SIGN_STYLE = Automatic;
				DEVELOPMENT_TEAM = 527W4K2LG5;
				INFOPLIST_FILE = StartMath/Info.plist;
				LD_RUNPATH_SEARCH_PATHS = (
					"$(inherited)",
					"@executable_path/Frameworks",
				);
				PRODUCT_BUNDLE_IDENTIFIER = uszynskimateusz.StartMath;
				PRODUCT_NAME = "$(TARGET_NAME)";
				SWIFT_VERSION = 5.0;
				TARGETED_DEVICE_FAMILY = "1,2";
			};
			name = Release;
		};
/* End XCBuildConfiguration section */

/* Begin XCConfigurationList section */
		695369142585046C0058D1D5 /* Build configuration list for PBXProject "StartMath" */ = {
			isa = XCConfigurationList;
			buildConfigurations = (
				6953692B2585046E0058D1D5 /* Debug */,
				6953692C2585046E0058D1D5 /* Release */,
			);
			defaultConfigurationIsVisible = 0;
			defaultConfigurationName = Release;
		};
		6953692D2585046E0058D1D5 /* Build configuration list for PBXNativeTarget "StartMath" */ = {
			isa = XCConfigurationList;
			buildConfigurations = (
				6953692E2585046E0058D1D5 /* Debug */,
				6953692F2585046E0058D1D5 /* Release */,
			);
			defaultConfigurationIsVisible = 0;
			defaultConfigurationName = Release;
		};
/* End XCConfigurationList section */
	};
	rootObject = 695369112585046C0058D1D5 /* Project object */;
}
